
Microsoft Visual Studio Solution File, Format Version 12.00
# Visual Studio 15
VisualStudioVersion = 15.0.28307.271
MinimumVisualStudioVersion = 10.0.40219.1
Project("{FAE04EC0-301F-11D3-BF4B-00C04F79EFBC}") = "EF_Demo_NET", "EF_Demo_NET\EF_Demo_NET.csproj", "{0D0D4004-2962-47B2-8647-04DBEA0171A8}"
EndProject
Global
	GlobalSection(SolutionConfigurationPlatforms) = preSolution
		Debug|Any CPU = Debug|Any CPU
		Release|Any CPU = Release|Any CPU
	EndGlobalSection
	GlobalSection(ProjectConfigurationPlatforms) = postSolution
		{0D0D4004-2962-47B2-8647-04DBEA0171A8}.Debug|Any CPU.ActiveCfg = Debug|Any CPU
		{0D0D4004-2962-47B2-8647-04DBEA0171A8}.Debug|Any CPU.Build.0 = Debug|Any CPU
		{0D0D4004-2962-47B2-8647-04DBEA0171A8}.Release|Any CPU.ActiveCfg = Release|Any CPU
		{0D0D4004-2962-47B2-8647-04DBEA0171A8}.Release|Any CPU.Build.0 = Release|Any CPU
	EndGlobalSection
	GlobalSection(SolutionProperties) = preSolution
		HideSolutionNode = FALSE
	EndGlobalSection
	GlobalSection(ExtensibilityGlobals) = postSolution
		SolutionGuid = {2B361C83-25D2-43EF-A609-6E986094C94B}
	EndGlobalSection
EndGlobal
