
Microsoft Visual Studio Solution File, Format Version 12.00
# Visual Studio 15
VisualStudioVersion = 15.0.28307.168
MinimumVisualStudioVersion = 10.0.40219.1
Project("{FAE04EC0-301F-11D3-BF4B-00C04F79EFBC}") = "EF_Demo", "EF_Demo\EF_Demo.csproj", "{318A5638-5554-42FE-88E9-EE0E574D6E05}"
EndProject
Global
	GlobalSection(SolutionConfigurationPlatforms) = preSolution
		Debug|Any CPU = Debug|Any CPU
		Release|Any CPU = Release|Any CPU
	EndGlobalSection
	GlobalSection(ProjectConfigurationPlatforms) = postSolution
		{318A5638-5554-42FE-88E9-EE0E574D6E05}.Debug|Any CPU.ActiveCfg = Debug|Any CPU
		{318A5638-5554-42FE-88E9-EE0E574D6E05}.Debug|Any CPU.Build.0 = Debug|Any CPU
		{318A5638-5554-42FE-88E9-EE0E574D6E05}.Release|Any CPU.ActiveCfg = Release|Any CPU
		{318A5638-5554-42FE-88E9-EE0E574D6E05}.Release|Any CPU.Build.0 = Release|Any CPU
	EndGlobalSection
	GlobalSection(SolutionProperties) = preSolution
		HideSolutionNode = FALSE
	EndGlobalSection
	GlobalSection(ExtensibilityGlobals) = postSolution
		SolutionGuid = {A313891A-D1A5-4B7A-9249-834DE51DA23B}
	EndGlobalSection
EndGlobal
